
Microsoft Visual Studio Solution File, Format Version 12.00
# Visual Studio 15
Project("{FAE04EC0-301F-11D3-BF4B-00C04F79EFBC}") = "Assembly-CSharp", "Assembly-CSharp.csproj", "{A9ADF41B-725A-4828-9BAF-8A8D3C6B3E13}"
EndProject
Project("{FAE04EC0-301F-11D3-BF4B-00C04F79EFBC}") = "Assembly-CSharp-Editor", "Assembly-CSharp-Editor.csproj", "{62CD319D-BA91-B5DF-DE4F-D55B6E40168A}"
EndProject
Global
	GlobalSection(SolutionConfigurationPlatforms) = preSolution
		Debug|Any CPU = Debug|Any CPU
		Release|Any CPU = Release|Any CPU
	EndGlobalSection
	GlobalSection(ProjectConfigurationPlatforms) = postSolution
		{A9ADF41B-725A-4828-9BAF-8A8D3C6B3E13}.Debug|Any CPU.ActiveCfg = Debug|Any CPU
		{A9ADF41B-725A-4828-9BAF-8A8D3C6B3E13}.Debug|Any CPU.Build.0 = Debug|Any CPU
		{A9ADF41B-725A-4828-9BAF-8A8D3C6B3E13}.Release|Any CPU.ActiveCfg = Release|Any CPU
		{A9ADF41B-725A-4828-9BAF-8A8D3C6B3E13}.Release|Any CPU.Build.0 = Release|Any CPU
		{62CD319D-BA91-B5DF-DE4F-D55B6E40168A}.Debug|Any CPU.ActiveCfg = Debug|Any CPU
		{62CD319D-BA91-B5DF-DE4F-D55B6E40168A}.Debug|Any CPU.Build.0 = Debug|Any CPU
		{62CD319D-BA91-B5DF-DE4F-D55B6E40168A}.Release|Any CPU.ActiveCfg = Release|Any CPU
		{62CD319D-BA91-B5DF-DE4F-D55B6E40168A}.Release|Any CPU.Build.0 = Release|Any CPU
	EndGlobalSection
	GlobalSection(SolutionProperties) = preSolution
		HideSolutionNode = FALSE
	EndGlobalSection
EndGlobal
